
Microsoft Visual Studio Solution File, Format Version 12.00
# Visual Studio 15
VisualStudioVersion = 15.0.28010.2016
MinimumVisualStudioVersion = 10.0.40219.1
Project("{9A19103F-16F7-4668-BE54-9A1E7A4F7556}") = "OvfLib", "OvfLib\OvfLib.csproj", "{C2653D81-16F7-47D5-B003-0DA4E891599C}"
EndProject
EndProject
Global
	GlobalSection(SolutionConfigurationPlatforms) = preSolution
		Debug|Any CPU = Debug|Any CPU
		Release|Any CPU = Release|Any CPU
	EndGlobalSection
	GlobalSection(ProjectConfigurationPlatforms) = postSolution
		{C2653D81-16F7-47D5-B003-0DA4E891599C}.Debug|Any CPU.ActiveCfg = Debug|Any CPU
		{C2653D81-16F7-47D5-B003-0DA4E891599C}.Debug|Any CPU.Build.0 = Debug|Any CPU
		{C2653D81-16F7-47D5-B003-0DA4E891599C}.Release|Any CPU.ActiveCfg = Release|Any CPU
		{C2653D81-16F7-47D5-B003-0DA4E891599C}.Release|Any CPU.Build.0 = Release|Any CPU
	EndGlobalSection
	GlobalSection(SolutionProperties) = preSolution
		HideSolutionNode = FALSE
	EndGlobalSection
	GlobalSection(ExtensibilityGlobals) = postSolution
		SolutionGuid = {A0FC9C8C-0375-46BB-9A6F-1F9D18B8FB95}
	EndGlobalSection
EndGlobal
